<?xml version="1.0" encoding="UTF-8" standalone="yes" ?>
<CodeBlocks_project_file>
	<FileVersion major="1" minor="6" />
	<Project>
		<Option title="mainPizza" />
		<Option pch_mode="2" />
		<Option compiler="gcc" />
		<Build>
			<Target title="Debug">
				<Option output="bin/Debug/mainPizza" prefix_auto="1" extension_auto="1" />
				<Option object_output="obj/Debug/" />
				<Option type="1" />
				<Option compiler="gcc" />
				<Compiler>
					<Add option="-g" />
					<Add directory="include/pizzaComponents" />
					<Add directory="include/ui" />
					<Add directory="include/Repositories" />
					<Add directory="include/Exceptions" />
					<Add directory="include/Services" />
				</Compiler>
			</Target>
			<Target title="Release">
				<Option output="bin/Release/mainPizza" prefix_auto="1" extension_auto="1" />
				<Option object_output="obj/Release/" />
				<Option type="1" />
				<Option compiler="gcc" />
				<Compiler>
					<Add option="-O2" />
					<Add directory="include/pizzaComponents" />
					<Add directory="include/ui" />
					<Add directory="include/Repositories" />
					<Add directory="include/Exceptions" />
					<Add directory="include/Services" />
				</Compiler>
				<Linker>
					<Add option="-s" />
				</Linker>
			</Target>
		</Build>
		<Compiler>
			<Add option="-Wall" />
			<Add option="-fexceptions" />
		</Compiler>
		<Unit filename="include/Exceptions/InvalidCharInput.h" />
		<Unit filename="include/Exceptions/InvalidNumInput.h" />
		<Unit filename="include/Repositories/OrderRepository.h" />
		<Unit filename="include/Repositories/PizzaRepository.h" />
		<Unit filename="include/Repositories/SidesRepository.h" />
		<Unit filename="include/Repositories/ToppingRepository.h" />
		<Unit filename="include/Services/Baker_services.h" />
		<Unit filename="include/Services/Delivery_services.h" />
		<Unit filename="include/Services/Management_services.h" />
		<Unit filename="include/Services/Sales_services.h" />
		<Unit filename="include/pizzaComponents/Orders.h" />
		<Unit filename="include/pizzaComponents/Pizza.h" />
		<Unit filename="include/pizzaComponents/Prices.h" />
		<Unit filename="include/pizzaComponents/Sides.h" />
		<Unit filename="include/pizzaComponents/Toppings.h" />
		<Unit filename="include/ui/BakerUI.h" />
		<Unit filename="include/ui/DeliveryUI.h" />
		<Unit filename="include/ui/MainUI.h" />
		<Unit filename="include/ui/ManagementUI.h" />
		<Unit filename="include/ui/SalesUI.h" />
		<Unit filename="main.cpp" />
		<Unit filename="src/Exceptions/InvalidCharInput.cpp" />
		<Unit filename="src/Exceptions/InvalidNumInput.cpp" />
		<Unit filename="src/Repositories/OrderRepository.cpp" />
		<Unit filename="src/Repositories/PizzaRepository.cpp" />
		<Unit filename="src/Repositories/SidesRepository.cpp" />
		<Unit filename="src/Repositories/ToppingRepository.cpp" />
		<Unit filename="src/Services/Baker_services.cpp" />
		<Unit filename="src/Services/Delivery_services.cpp" />
		<Unit filename="src/Services/Management_services.cpp" />
		<Unit filename="src/Services/Sales_services.cpp" />
		<Unit filename="src/pizzaComponents/Orders.cpp" />
		<Unit filename="src/pizzaComponents/Pizza.cpp" />
		<Unit filename="src/pizzaComponents/Prices.cpp" />
		<Unit filename="src/pizzaComponents/Sides.cpp" />
		<Unit filename="src/pizzaComponents/Toppings.cpp" />
		<Unit filename="src/ui/BakerUI.cpp" />
		<Unit filename="src/ui/DeliveryUI.cpp" />
		<Unit filename="src/ui/MainUI.cpp" />
		<Unit filename="src/ui/ManagementUI.cpp" />
		<Unit filename="src/ui/SalesUI.cpp" />
		<Extensions>
			<code_completion />
			<envvars />
			<debugger />
			<lib_finder disable_auto="1" />
		</Extensions>
	</Project>
</CodeBlocks_project_file>
